
Microsoft Visual Studio Solution File, Format Version 12.00
# Visual Studio Version 17
VisualStudioVersion = 17.14.36717.8
MinimumVisualStudioVersion = 10.0.40219.1
Project("{FAE04EC0-301F-11D3-BF4B-00C04F79EFBC}") = "Synesthesia.Web", "Synesthesia.Web.csproj", "{E7FE6064-6BC1-4CA0-A548-0EC049331B2B}"
EndProject
Project("{FAE04EC0-301F-11D3-BF4B-00C04F79EFBC}") = "Synesthesia.Web.Tests", "..\Synesthesia.Web.Tests\Synesthesia.Web.Tests.csproj", "{33CF781C-1594-437E-A216-B6433C1057C2}"
EndProject
Global
	GlobalSection(SolutionConfigurationPlatforms) = preSolution
		Debug|Any CPU = Debug|Any CPU
		Release|Any CPU = Release|Any CPU
	EndGlobalSection
	GlobalSection(ProjectConfigurationPlatforms) = postSolution
		{E7FE6064-6BC1-4CA0-A548-0EC049331B2B}.Debug|Any CPU.ActiveCfg = Debug|Any CPU
		{E7FE6064-6BC1-4CA0-A548-0EC049331B2B}.Debug|Any CPU.Build.0 = Debug|Any CPU
		{E7FE6064-6BC1-4CA0-A548-0EC049331B2B}.Release|Any CPU.ActiveCfg = Release|Any CPU
		{E7FE6064-6BC1-4CA0-A548-0EC049331B2B}.Release|Any CPU.Build.0 = Release|Any CPU
		{33CF781C-1594-437E-A216-B6433C1057C2}.Debug|Any CPU.ActiveCfg = Debug|Any CPU
		{33CF781C-1594-437E-A216-B6433C1057C2}.Debug|Any CPU.Build.0 = Debug|Any CPU
		{33CF781C-1594-437E-A216-B6433C1057C2}.Release|Any CPU.ActiveCfg = Release|Any CPU
		{33CF781C-1594-437E-A216-B6433C1057C2}.Release|Any CPU.Build.0 = Release|Any CPU
	EndGlobalSection
	GlobalSection(SolutionProperties) = preSolution
		HideSolutionNode = FALSE
	EndGlobalSection
	GlobalSection(ExtensibilityGlobals) = postSolution
		SolutionGuid = {5C41724F-68C7-43B6-9CF8-D1387B96C989}
	EndGlobalSection
EndGlobal
